# THIS IS AN AUTOGENERATED FILE. DO NOT EDIT THIS FILE DIRECTLY.
# yarn lockfile v1


excalibur@^0.19.1:
  version "0.19.1"
  resolved "https://registry.yarnpkg.com/excalibur/-/excalibur-0.19.1.tgz#afa42cd8bba08a194223d836c62784dfcc7d668c"
  integrity sha512-lyTD7vOxlYS2hjwhr8kuQVuTAEXtjnB6p6wyVpq7jP7gz1HyWGvh8hJWjZbZPLQxDwKGsQN18a9ZDyaImCDyIA==
